
Microsoft Visual Studio Solution File, Format Version 12.00
# Visual Studio Version 17
VisualStudioVersion = 17.5.002.0
MinimumVisualStudioVersion = 10.0.40219.1
Project("{FAE04EC0-301F-11D3-BF4B-00C04F79EFBC}") = "MediaPlayer.Core", "MediaPlayer.Core\MediaPlayer.Core.csproj", "{9D17FB15-88C8-4918-89ED-E89C904639E8}"
EndProject
Project("{FAE04EC0-301F-11D3-BF4B-00C04F79EFBC}") = "MediaPlayer.Controller", "MediaPlayer.Controller\MediaPlayer.Controller.csproj", "{C4BE3087-B89A-4198-9964-CFDA26366EA2}"
EndProject
Project("{FAE04EC0-301F-11D3-BF4B-00C04F79EFBC}") = "MediaPlayer.Service", "MediaPlayer.Service\MediaPlayer.Service.csproj", "{74F5E91B-DAC4-450B-ACED-7E8CA5A8CBCF}"
EndProject
Project("{FAE04EC0-301F-11D3-BF4B-00C04F79EFBC}") = "MediaPlayer.Framework", "MediaPlayer.FrameWork\MediaPlayer.Framework.csproj", "{5B75E3A0-26DF-43F7-945C-EFBABBD5225C}"
EndProject
Project("{FAE04EC0-301F-11D3-BF4B-00C04F79EFBC}") = "MediaPlayer.Test", "MediaPlayer.Test\MediaPlayer.Test.csproj", "{E6ABB64C-F6C5-430A-92E1-E0C0F91FEA99}"
EndProject
Global
	GlobalSection(SolutionConfigurationPlatforms) = preSolution
		Debug|Any CPU = Debug|Any CPU
		Release|Any CPU = Release|Any CPU
	EndGlobalSection
	GlobalSection(ProjectConfigurationPlatforms) = postSolution
		{ED7257E7-32ED-4E78-9251-FEDAEF5C4C05}.Debug|Any CPU.ActiveCfg = Debug|Any CPU
		{ED7257E7-32ED-4E78-9251-FEDAEF5C4C05}.Debug|Any CPU.Build.0 = Debug|Any CPU
		{ED7257E7-32ED-4E78-9251-FEDAEF5C4C05}.Release|Any CPU.ActiveCfg = Release|Any CPU
		{ED7257E7-32ED-4E78-9251-FEDAEF5C4C05}.Release|Any CPU.Build.0 = Release|Any CPU
		{9D17FB15-88C8-4918-89ED-E89C904639E8}.Debug|Any CPU.ActiveCfg = Debug|Any CPU
		{9D17FB15-88C8-4918-89ED-E89C904639E8}.Debug|Any CPU.Build.0 = Debug|Any CPU
		{9D17FB15-88C8-4918-89ED-E89C904639E8}.Release|Any CPU.ActiveCfg = Release|Any CPU
		{9D17FB15-88C8-4918-89ED-E89C904639E8}.Release|Any CPU.Build.0 = Release|Any CPU
		{C4BE3087-B89A-4198-9964-CFDA26366EA2}.Debug|Any CPU.ActiveCfg = Debug|Any CPU
		{C4BE3087-B89A-4198-9964-CFDA26366EA2}.Debug|Any CPU.Build.0 = Debug|Any CPU
		{C4BE3087-B89A-4198-9964-CFDA26366EA2}.Release|Any CPU.ActiveCfg = Release|Any CPU
		{C4BE3087-B89A-4198-9964-CFDA26366EA2}.Release|Any CPU.Build.0 = Release|Any CPU
		{74F5E91B-DAC4-450B-ACED-7E8CA5A8CBCF}.Debug|Any CPU.ActiveCfg = Debug|Any CPU
		{74F5E91B-DAC4-450B-ACED-7E8CA5A8CBCF}.Debug|Any CPU.Build.0 = Debug|Any CPU
		{74F5E91B-DAC4-450B-ACED-7E8CA5A8CBCF}.Release|Any CPU.ActiveCfg = Release|Any CPU
		{74F5E91B-DAC4-450B-ACED-7E8CA5A8CBCF}.Release|Any CPU.Build.0 = Release|Any CPU
		{5B75E3A0-26DF-43F7-945C-EFBABBD5225C}.Debug|Any CPU.ActiveCfg = Debug|Any CPU
		{5B75E3A0-26DF-43F7-945C-EFBABBD5225C}.Debug|Any CPU.Build.0 = Debug|Any CPU
		{5B75E3A0-26DF-43F7-945C-EFBABBD5225C}.Release|Any CPU.ActiveCfg = Release|Any CPU
		{5B75E3A0-26DF-43F7-945C-EFBABBD5225C}.Release|Any CPU.Build.0 = Release|Any CPU
		{E6ABB64C-F6C5-430A-92E1-E0C0F91FEA99}.Debug|Any CPU.ActiveCfg = Debug|Any CPU
		{E6ABB64C-F6C5-430A-92E1-E0C0F91FEA99}.Debug|Any CPU.Build.0 = Debug|Any CPU
		{E6ABB64C-F6C5-430A-92E1-E0C0F91FEA99}.Release|Any CPU.ActiveCfg = Release|Any CPU
		{E6ABB64C-F6C5-430A-92E1-E0C0F91FEA99}.Release|Any CPU.Build.0 = Release|Any CPU
	EndGlobalSection
	GlobalSection(SolutionProperties) = preSolution
		HideSolutionNode = FALSE
	EndGlobalSection
	GlobalSection(ExtensibilityGlobals) = postSolution
		SolutionGuid = {7CC12EFF-45BF-4F23-A740-E94A6FC180E7}
	EndGlobalSection
EndGlobal
